
Microsoft Visual Studio Solution File, Format Version 12.00
# Visual Studio Version 17
VisualStudioVersion = 17.8.34309.116
MinimumVisualStudioVersion = 10.0.40219.1
Project("{FAE04EC0-301F-11D3-BF4B-00C04F79EFBC}") = "algorithms", "algorithms.csproj", "{F39A6CD2-FD88-4D21-9456-F24D16FE9BDF}"
EndProject
Global
	GlobalSection(SolutionConfigurationPlatforms) = preSolution
		Debug|Any CPU = Debug|Any CPU
		Release|Any CPU = Release|Any CPU
	EndGlobalSection
	GlobalSection(ProjectConfigurationPlatforms) = postSolution
		{F39A6CD2-FD88-4D21-9456-F24D16FE9BDF}.Debug|Any CPU.ActiveCfg = Debug|Any CPU
		{F39A6CD2-FD88-4D21-9456-F24D16FE9BDF}.Debug|Any CPU.Build.0 = Debug|Any CPU
		{F39A6CD2-FD88-4D21-9456-F24D16FE9BDF}.Release|Any CPU.ActiveCfg = Release|Any CPU
		{F39A6CD2-FD88-4D21-9456-F24D16FE9BDF}.Release|Any CPU.Build.0 = Release|Any CPU
	EndGlobalSection
	GlobalSection(SolutionProperties) = preSolution
		HideSolutionNode = FALSE
	EndGlobalSection
	GlobalSection(ExtensibilityGlobals) = postSolution
		SolutionGuid = {927A5424-C552-4B03-8E86-92A4477B6288}
	EndGlobalSection
EndGlobal
